{
  "packages": [
    {
      "content_sha256": "b3c72fd0873de59fa41bc9770215db43ff344adff6cd1dbb7f2a89f9c0e1f21e",
      "name": "inih",
      "overlay": null,
      "provenance": {
        "adapter_versions": {
          "meson": "1.12.0"
        },
        "adapters": [
          "meson"
        ],
        "components": [],
        "features": [],
        "linkage": "static",
        "options": {
          "tests": "false",
          "with_INIReader": "false"
        },
        "patches": []
      },
      "request_sha256": "2680947a405f57b20cc8dead3d287d236d68e69269a4e1bf3c0753af18f75a09",
      "scope": "",
      "source": {
        "kind": "git",
        "revision": "577ae2dee1f0d9c2d11c7f10375c1715f3d6940c",
        "submodules": false,
        "url": "https://github.com/benhoyt/inih.git"
      }
    }
  ],
  "version": 4
}
