{
  "packages": [
    {
      "content_sha256": "e61a63c5bb35959af4d9d4eb140e13c108495010c0f0d7360a6ef3b928eb3a6a",
      "name": "sdl3",
      "overlay": null,
      "provenance": {
        "adapter_versions": {
          "cmake": "3.31.6",
          "msbuild": "host",
          "prebuilt": "host"
        },
        "adapters": [
          "cmake",
          "msbuild",
          "prebuilt"
        ],
        "components": [],
        "features": [],
        "linkage": "auto",
        "options": {},
        "patches": []
      },
      "request_sha256": "a6bbb782f0f3094e4a46a5b5f04e86aa4e3e67122d05d8a648a5d2dbb1fb794d",
      "scope": "",
      "source": {
        "kind": "git",
        "revision": "8e37db5e797b6167f3a00d697d816a684bd259c7",
        "submodules": false,
        "url": "https://github.com/libsdl-org/SDL.git"
      }
    }
  ],
  "version": 4
}
